
Microsoft Visual Studio Solution File, Format Version 12.00
# Visual Studio Version 17
VisualStudioVersion = 17.2.32616.157
MinimumVisualStudioVersion = 10.0.40219.1
Project("{FAE04EC0-301F-11D3-BF4B-00C04F79EFBC}") = "EasyTrack", "EasyTrack\EasyTrack.csproj", "{D77FE3E1-CE02-4B92-B77D-4DFA346E004B}"
EndProject
Global
	GlobalSection(SolutionConfigurationPlatforms) = preSolution
		Debug|Any CPU = Debug|Any CPU
		Release|Any CPU = Release|Any CPU
	EndGlobalSection
	GlobalSection(ProjectConfigurationPlatforms) = postSolution
		{D77FE3E1-CE02-4B92-B77D-4DFA346E004B}.Debug|Any CPU.ActiveCfg = Debug|Any CPU
		{D77FE3E1-CE02-4B92-B77D-4DFA346E004B}.Debug|Any CPU.Build.0 = Debug|Any CPU
		{D77FE3E1-CE02-4B92-B77D-4DFA346E004B}.Release|Any CPU.ActiveCfg = Release|Any CPU
		{D77FE3E1-CE02-4B92-B77D-4DFA346E004B}.Release|Any CPU.Build.0 = Release|Any CPU
	EndGlobalSection
	GlobalSection(SolutionProperties) = preSolution
		HideSolutionNode = FALSE
	EndGlobalSection
	GlobalSection(ExtensibilityGlobals) = postSolution
		SolutionGuid = {586DA850-6E4A-4F1A-981C-B81127AD6A65}
	EndGlobalSection
EndGlobal
